{
  "name": "serverless-single-page-app-plugin",
  "version": "1.0.1",
  "lockfileVersion": 2,
  "requires": true,
  "packages": {
    "": {
      "name": "serverless-single-page-app-plugin",
      "version": "1.0.1",
      "license": "MIT",
      "devDependencies": {
        "serverless-single-page-app-plugin": "file:./index.js"
      }
    },
    "index.js": {
      "dev": true
    },
    "node_modules/serverless-single-page-app-plugin": {
      "resolved": "index.js",
      "link": true
    }
  },
  "dependencies": {
    "serverless-single-page-app-plugin": {
      "version": "file:index.js"
    }
  }
}
